{
  "requires": true,
  "lockfileVersion": 1,
  "dependencies": {
    "big-integer": {
      "version": "1.6.36",
      "resolved": "http://artifactory:80/api/npm/npm-group/big-integer/-/big-integer-1.6.36.tgz",
      "integrity": "sha1-eGMQdiZdSuNVXAT4Xn2dLzoHGjY="
    },
    "js-combinatorics": {
      "version": "0.5.4",
      "resolved": "http://artifactory:80/api/npm/npm-group/js-combinatorics/-/js-combinatorics-0.5.4.tgz",
      "integrity": "sha1-ySkWuPgXG2Ts18RDW3LPq8gDx1Y="
    },
    "lodash": {
      "version": "4.17.11",
      "resolved": "http://artifactory:80/api/npm/npm-group/lodash/-/lodash-4.17.11.tgz",
      "integrity": "sha1-s56mIp72B+zYniyN8SU2iRysm40="
    }
  }
}
